{
  "name": "tasktrackr",
  "version": "1.0.0",
  "lockfileVersion": 3,
  "requires": true,
  "packages": {
    "": {
      "name": "tasktrackr",
      "version": "1.0.0",
      "license": "ISC",
      "dependencies": {
        "@angular/cdk": "^19.2.15",
        "@angular/forms": "^19.2.9",
        "@angular/material": "^19.2.15",
        "@angular/platform-browser-dynamic": "^19.2.9",
        "zone.js": "^0.15.0"
      },
      "devDependencies": {
        "ajv": "^6.12.6"
      }
    },
    "node_modules/@angular/cdk": {
      "version": "19.2.15",
      "resolved": "https://registry.npmjs.org/@angular/cdk/-/cdk-19.2.15.tgz",
      "integrity": "sha512-srM0O4oVPvMIbv1m+fU3D0X2ZK0Q7raggCD7jcb+d+pXoPESqI91Hn8FIhA2OCbw0vJWJ/Mly8lskmIb8RNLcQ==",
      "license": "MIT",
      "dependencies": {
        "parse5": "^7.1.2",
        "tslib": "^2.3.0"
      },
      "peerDependencies": {
        "@angular/common": "^19.0.0 || ^20.0.0",
        "@angular/core": "^19.0.0 || ^20.0.0",
        "rxjs": "^6.5.3 || ^7.4.0"
      }
    },
    "node_modules/@angular/common": {
      "version": "19.2.9",
      "resolved": "https://registry.npmjs.org/@angular/common/-/common-19.2.9.tgz",
      "integrity": "sha512-4Lio3nRp13sTU15hsVcv8Zkj+7OKZ6Pc6CIIkQYHs9KisSwwvwmRZDU1wFhKlH+ogebLgOcNurIPdqeYWWnLjQ==",
      "license": "MIT",
      "peer": true,
      "dependencies": {
        "tslib": "^2.3.0"
      },
      "engines": {
        "node": "^18.19.1 || ^20.11.1 || >=22.0.0"
      },
      "peerDependencies": {
        "@angular/core": "19.2.9",
        "rxjs": "^6.5.3 || ^7.4.0"
      }
    },
    "node_modules/@angular/compiler": {
      "version": "19.2.9",
      "resolved": "https://registry.npmjs.org/@angular/compiler/-/compiler-19.2.9.tgz",
      "integrity": "sha512-K6wtAsJhQeD2OjoupV03gWHBqnqhEP9llzFzlnQoXAAZzM1eIT/KAtQEdNY75NO+BESKxaXvQBAU16Tg/1I6uw==",
      "license": "MIT",
      "peer": true,
      "dependencies": {
        "tslib": "^2.3.0"
      },
      "engines": {
        "node": "^18.19.1 || ^20.11.1 || >=22.0.0"
      }
    },
    "node_modules/@angular/core": {
      "version": "19.2.9",
      "resolved": "https://registry.npmjs.org/@angular/core/-/core-19.2.9.tgz",
      "integrity": "sha512-73WMvxWll8/nQiAbigDhR27dQ+GjciODY5JVADdneNBSEwcQxi0HirlGzm5wy1TonOu4eTTWkvgV/3YlTOmo4A==",
      "license": "MIT",
      "peer": true,
      "dependencies": {
        "tslib": "^2.3.0"
      },
      "engines": {
        "node": "^18.19.1 || ^20.11.1 || >=22.0.0"
      },
      "peerDependencies": {
        "rxjs": "^6.5.3 || ^7.4.0",
        "zone.js": "~0.15.0"
      }
    },
    "node_modules/@angular/forms": {
      "version": "19.2.9",
      "resolved": "https://registry.npmjs.org/@angular/forms/-/forms-19.2.9.tgz",
      "integrity": "sha512-RKzShsMf9X7LQd4qsfx1ShSPF0qODS7HWBPz/khFvfpscDYAqXvqzfXS2yvu0PaCwyNneR7vZKYMCN564SK7hw==",
      "license": "MIT",
      "dependencies": {
        "tslib": "^2.3.0"
      },
      "engines": {
        "node": "^18.19.1 || ^20.11.1 || >=22.0.0"
      },
      "peerDependencies": {
        "@angular/common": "19.2.9",
        "@angular/core": "19.2.9",
        "@angular/platform-browser": "19.2.9",
        "rxjs": "^6.5.3 || ^7.4.0"
      }
    },
    "node_modules/@angular/material": {
      "version": "19.2.15",
      "resolved": "https://registry.npmjs.org/@angular/material/-/material-19.2.15.tgz",
      "integrity": "sha512-5IRzspYwzG58nz9/uJwGpaeFymaVveylIg8A+7SyYjAASFkdDUdI2hQn8TPRiP3AhGRSSx80BShYrcYwTZseYA==",
      "license": "MIT",
      "dependencies": {
        "tslib": "^2.3.0"
      },
      "peerDependencies": {
        "@angular/cdk": "19.2.15",
        "@angular/common": "^19.0.0 || ^20.0.0",
        "@angular/core": "^19.0.0 || ^20.0.0",
        "@angular/forms": "^19.0.0 || ^20.0.0",
        "@angular/platform-browser": "^19.0.0 || ^20.0.0",
        "rxjs": "^6.5.3 || ^7.4.0"
      }
    },
    "node_modules/@angular/platform-browser": {
      "version": "19.2.9",
      "resolved": "https://registry.npmjs.org/@angular/platform-browser/-/platform-browser-19.2.9.tgz",
      "integrity": "sha512-vMBgCj/R2OxVX7YAqBTOsBiEUbwB3sJoZSy+E05vJovC0QhPWTiR4QiBXB1nlCoAZ8HTv79j7j8AYl10pqlPfQ==",
      "license": "MIT",
      "peer": true,
      "dependencies": {
        "tslib": "^2.3.0"
      },
      "engines": {
        "node": "^18.19.1 || ^20.11.1 || >=22.0.0"
      },
      "peerDependencies": {
        "@angular/animations": "19.2.9",
        "@angular/common": "19.2.9",
        "@angular/core": "19.2.9"
      },
      "peerDependenciesMeta": {
        "@angular/animations": {
          "optional": true
        }
      }
    },
    "node_modules/@angular/platform-browser-dynamic": {
      "version": "19.2.9",
      "resolved": "https://registry.npmjs.org/@angular/platform-browser-dynamic/-/platform-browser-dynamic-19.2.9.tgz",
      "integrity": "sha512-llyjP1d3f6NDP6GwfHVNKZmkHlKpRKR/nYvP60Xl5vt90Gw2H5MJ+JHlzAHMt4O4paQHaYH1+b+2bio5/VSxjQ==",
      "license": "MIT",
      "dependencies": {
        "tslib": "^2.3.0"
      },
      "engines": {
        "node": "^18.19.1 || ^20.11.1 || >=22.0.0"
      },
      "peerDependencies": {
        "@angular/common": "19.2.9",
        "@angular/compiler": "19.2.9",
        "@angular/core": "19.2.9",
        "@angular/platform-browser": "19.2.9"
      }
    },
    "node_modules/ajv": {
      "version": "6.12.6",
      "resolved": "https://registry.npmjs.org/ajv/-/ajv-6.12.6.tgz",
      "integrity": "sha512-j3fVLgvTo527anyYyJOGTYJbG+vnnQYvE0m5mmkc1TK+nxAppkCLMIL0aZ4dblVCNoGShhm+kzE4ZUykBoMg4g==",
      "dev": true,
      "license": "MIT",
      "dependencies": {
        "fast-deep-equal": "^3.1.1",
        "fast-json-stable-stringify": "^2.0.0",
        "json-schema-traverse": "^0.4.1",
        "uri-js": "^4.2.2"
      },
      "funding": {
        "type": "github",
        "url": "https://github.com/sponsors/epoberezkin"
      }
    },
    "node_modules/entities": {
      "version": "6.0.0",
      "resolved": "https://registry.npmjs.org/entities/-/entities-6.0.0.tgz",
      "integrity": "sha512-aKstq2TDOndCn4diEyp9Uq/Flu2i1GlLkc6XIDQSDMuaFE3OPW5OphLCyQ5SpSJZTb4reN+kTcYru5yIfXoRPw==",
      "license": "BSD-2-Clause",
      "engines": {
        "node": ">=0.12"
      },
      "funding": {
        "url": "https://github.com/fb55/entities?sponsor=1"
      }
    },
    "node_modules/fast-deep-equal": {
      "version": "3.1.3",
      "resolved": "https://registry.npmjs.org/fast-deep-equal/-/fast-deep-equal-3.1.3.tgz",
      "integrity": "sha512-f3qQ9oQy9j2AhBe/H9VC91wLmKBCCU/gDOnKNAYG5hswO7BLKj09Hc5HYNz9cGI++xlpDCIgDaitVs03ATR84Q==",
      "dev": true,
      "license": "MIT"
    },
    "node_modules/fast-json-stable-stringify": {
      "version": "2.1.0",
      "resolved": "https://registry.npmjs.org/fast-json-stable-stringify/-/fast-json-stable-stringify-2.1.0.tgz",
      "integrity": "sha512-lhd/wF+Lk98HZoTCtlVraHtfh5XYijIjalXck7saUtuanSDyLMxnHhSXEDJqHxD7msR8D0uCmqlkwjCV8xvwHw==",
      "dev": true,
      "license": "MIT"
    },
    "node_modules/json-schema-traverse": {
      "version": "0.4.1",
      "resolved": "https://registry.npmjs.org/json-schema-traverse/-/json-schema-traverse-0.4.1.tgz",
      "integrity": "sha512-xbbCH5dCYU5T8LcEhhuh7HJ88HXuW3qsI3Y0zOZFKfZEHcpWiHU/Jxzk629Brsab/mMiHQti9wMP+845RPe3Vg==",
      "dev": true,
      "license": "MIT"
    },
    "node_modules/parse5": {
      "version": "7.3.0",
      "resolved": "https://registry.npmjs.org/parse5/-/parse5-7.3.0.tgz",
      "integrity": "sha512-IInvU7fabl34qmi9gY8XOVxhYyMyuH2xUNpb2q8/Y+7552KlejkRvqvD19nMoUW/uQGGbqNpA6Tufu5FL5BZgw==",
      "license": "MIT",
      "dependencies": {
        "entities": "^6.0.0"
      },
      "funding": {
        "url": "https://github.com/inikulin/parse5?sponsor=1"
      }
    },
    "node_modules/punycode": {
      "version": "2.3.1",
      "resolved": "https://registry.npmjs.org/punycode/-/punycode-2.3.1.tgz",
      "integrity": "sha512-vYt7UD1U9Wg6138shLtLOvdAu+8DsC/ilFtEVHcH+wydcSpNE20AfSOduf6MkRFahL5FY7X1oU7nKVZFtfq8Fg==",
      "dev": true,
      "license": "MIT",
      "engines": {
        "node": ">=6"
      }
    },
    "node_modules/rxjs": {
      "version": "7.8.2",
      "resolved": "https://registry.npmjs.org/rxjs/-/rxjs-7.8.2.tgz",
      "integrity": "sha512-dhKf903U/PQZY6boNNtAGdWbG85WAbjT/1xYoZIC7FAY0yWapOBQVsVrDl58W86//e1VpMNBtRV4MaXfdMySFA==",
      "license": "Apache-2.0",
      "peer": true,
      "dependencies": {
        "tslib": "^2.1.0"
      }
    },
    "node_modules/tslib": {
      "version": "2.8.1",
      "resolved": "https://registry.npmjs.org/tslib/-/tslib-2.8.1.tgz",
      "integrity": "sha512-oJFu94HQb+KVduSUQL7wnpmqnfmLsOA/nAh6b6EH0wCEoK0/mPeXU6c3wKDV83MkOuHPRHtSXKKU99IBazS/2w==",
      "license": "0BSD"
    },
    "node_modules/uri-js": {
      "version": "4.4.1",
      "resolved": "https://registry.npmjs.org/uri-js/-/uri-js-4.4.1.tgz",
      "integrity": "sha512-7rKUyy33Q1yc98pQ1DAmLtwX109F7TIfWlW1Ydo8Wl1ii1SeHieeh0HHfPeL2fMXK6z0s8ecKs9frCuLJvndBg==",
      "dev": true,
      "license": "BSD-2-Clause",
      "dependencies": {
        "punycode": "^2.1.0"
      }
    },
    "node_modules/zone.js": {
      "version": "0.15.0",
      "resolved": "https://registry.npmjs.org/zone.js/-/zone.js-0.15.0.tgz",
      "integrity": "sha512-9oxn0IIjbCZkJ67L+LkhYWRyAy7axphb3VgE2MBDlOqnmHMPWGYMxJxBYFueFq/JGY2GMwS0rU+UCLunEmy5UA==",
      "license": "MIT"
    }
  }
}
